
Microsoft Visual Studio Solution File, Format Version 12.00
# Visual Studio Version 16
VisualStudioVersion = 16.0.31129.286
MinimumVisualStudioVersion = 10.0.40219.1
Project("{FAE04EC0-301F-11D3-BF4B-00C04F79EFBC}") = "JeuxDeDe", "JeuxDeDe\JeuxDeDe.csproj", "{C67319BA-6C6B-4439-A5FA-4DEC1780398D}"
EndProject
Global
	GlobalSection(SolutionConfigurationPlatforms) = preSolution
		Debug|Any CPU = Debug|Any CPU
		Release|Any CPU = Release|Any CPU
	EndGlobalSection
	GlobalSection(ProjectConfigurationPlatforms) = postSolution
		{C67319BA-6C6B-4439-A5FA-4DEC1780398D}.Debug|Any CPU.ActiveCfg = Debug|Any CPU
		{C67319BA-6C6B-4439-A5FA-4DEC1780398D}.Debug|Any CPU.Build.0 = Debug|Any CPU
		{C67319BA-6C6B-4439-A5FA-4DEC1780398D}.Release|Any CPU.ActiveCfg = Release|Any CPU
		{C67319BA-6C6B-4439-A5FA-4DEC1780398D}.Release|Any CPU.Build.0 = Release|Any CPU
	EndGlobalSection
	GlobalSection(SolutionProperties) = preSolution
		HideSolutionNode = FALSE
	EndGlobalSection
	GlobalSection(ExtensibilityGlobals) = postSolution
		SolutionGuid = {1F21561C-9B5C-4A73-A2DB-7CC2AE3ADA6F}
	EndGlobalSection
EndGlobal
